{
  "name": "hello-world",
  "version": "1.0.0",
  "lockfileVersion": 1,
  "requires": true,
  "dependencies": {
    "ask-sdk-core": {
      "version": "2.6.0",
      "resolved": "https://registry.npmjs.org/ask-sdk-core/-/ask-sdk-core-2.6.0.tgz",
      "integrity": "sha512-1NPiqxFiQbBOxZtgtEYMCU6kWwMcyBxSEpL7B71yHh9o7v6Tqaiu7j/ukUxXh5Ingr+23jSptOLPfiWo5fBorA==",
      "requires": {
        "ask-sdk-runtime": "^2.4.0"
      }
    },
    "ask-sdk-model": {
      "version": "1.18.0",
      "resolved": "https://registry.npmjs.org/ask-sdk-model/-/ask-sdk-model-1.18.0.tgz",
      "integrity": "sha512-VsNuoCKk+lG0ui1WfpAOwG+BQY288+5+TAvwCJ8no1DIyiskB0sQEXfr4GvXOHG6q/IOrS9IZfBYsmCjDCTNLw=="
    },
    "ask-sdk-runtime": {
      "version": "2.4.0",
      "resolved": "https://registry.npmjs.org/ask-sdk-runtime/-/ask-sdk-runtime-2.4.0.tgz",
      "integrity": "sha512-NiTXGeljx3wV9GIbwOvYc3EKPLTR1ZVoJBGNNyoAwg89v1L/hZgg5p3rJM0YJfIqw6HJUHJbtdJsRIHtkscxRA=="
    }
  }
}
