{
  "name": "hello-world",
  "version": "1.0.0",
  "lockfileVersion": 1,
  "requires": true,
  "dependencies": {
    "ask-sdk-core": {
      "version": "2.5.1",
      "resolved": "https://registry.npmjs.org/ask-sdk-core/-/ask-sdk-core-2.5.1.tgz",
      "integrity": "sha512-VF2H98sF0VJ21y40dI78ozNGxP0ixwUQzslU5rcW2hRlv1QDqALIeFChpkE3MCxc3zxg9IbwdDkR3HT3mwkrLg==",
      "requires": {
        "ask-sdk-runtime": "^2.4.0"
      }
    },
    "ask-sdk-model": {
      "version": "1.15.0",
      "resolved": "https://registry.npmjs.org/ask-sdk-model/-/ask-sdk-model-1.15.0.tgz",
      "integrity": "sha512-cozc6byf6qOQ00/rnF2gAP+K2zbKJu11ezFWc4bR9f2s+eQW133Xp+kNjs1i7TweXrhAO/87HxkbA9a74udArw=="
    },
    "ask-sdk-runtime": {
      "version": "2.4.0",
      "resolved": "https://registry.npmjs.org/ask-sdk-runtime/-/ask-sdk-runtime-2.4.0.tgz",
      "integrity": "sha512-NiTXGeljx3wV9GIbwOvYc3EKPLTR1ZVoJBGNNyoAwg89v1L/hZgg5p3rJM0YJfIqw6HJUHJbtdJsRIHtkscxRA=="
    }
  }
}
