{
  "name": "hello-world",
  "version": "1.0.0",
  "lockfileVersion": 1,
  "requires": true,
  "dependencies": {
    "ask-sdk-core": {
      "version": "2.5.2",
      "resolved": "https://registry.npmjs.org/ask-sdk-core/-/ask-sdk-core-2.5.2.tgz",
      "integrity": "sha512-nMIAs+jsAJEpsvOAP6C8tSuZC+kr17NbGRbk78P1PWovSdlhkhH3EJVeFkkVfxWEIX6mOOf94mC/q8FcCyzyfA==",
      "requires": {
        "ask-sdk-runtime": "^2.4.0"
      }
    },
    "ask-sdk-model": {
      "version": "1.15.1",
      "resolved": "https://registry.npmjs.org/ask-sdk-model/-/ask-sdk-model-1.15.1.tgz",
      "integrity": "sha512-WgTrGc2MB1f/wdOkt6M2mVVRQ0D8r42fjUyva63eVqT4+vV100zgvCM7gKhrCLWu7Fj320MnXyCYk/Tqrmrg0w=="
    },
    "ask-sdk-runtime": {
      "version": "2.4.0",
      "resolved": "https://registry.npmjs.org/ask-sdk-runtime/-/ask-sdk-runtime-2.4.0.tgz",
      "integrity": "sha512-NiTXGeljx3wV9GIbwOvYc3EKPLTR1ZVoJBGNNyoAwg89v1L/hZgg5p3rJM0YJfIqw6HJUHJbtdJsRIHtkscxRA=="
    }
  }
}
